
Microsoft Visual Studio Solution File, Format Version 12.00
# Visual Studio 14
VisualStudioVersion = 14.0.25420.1
MinimumVisualStudioVersion = 10.0.40219.1
Project("{2150E333-8FDC-42A3-9474-1A3956D46DE8}") = "src", "src", "{5791943A-CC01-44D9-B846-82D67486760E}"
EndProject
Project("{2150E333-8FDC-42A3-9474-1A3956D46DE8}") = "Solution Items", "Solution Items", "{79917A05-20CE-466F-8547-EA6E1E405D15}"
	ProjectSection(SolutionItems) = preProject
		global.json = global.json
	EndProjectSection
EndProject
Project("{8BB2217D-0F2D-49D1-97BC-3654ED321F3B}") = "WordsComp", "src\WordsComp\WordsComp.xproj", "{B904B2A7-025F-4E2B-BBFB-C094E66BB7AB}"
EndProject
Project("{8BB2217D-0F2D-49D1-97BC-3654ED321F3B}") = "DAL", "src\DAL\DAL.xproj", "{6F73AF81-B764-410D-A6A7-A23FA878359F}"
EndProject
Project("{8BB2217D-0F2D-49D1-97BC-3654ED321F3B}") = "BLogic", "src\BLogic\BLogic.xproj", "{BB6144E0-43DC-4153-AEDB-BCF3302038AF}"
EndProject
Project("{8BB2217D-0F2D-49D1-97BC-3654ED321F3B}") = "Common", "src\Common\Common.xproj", "{9DD6BF61-7748-4214-B83E-E265F817D60D}"
EndProject
Project("{2150E333-8FDC-42A3-9474-1A3956D46DE8}") = "test", "test", "{5A07F375-9C4C-43D9-AEC7-A5B1E5559DE8}"
EndProject
Project("{8BB2217D-0F2D-49D1-97BC-3654ED321F3B}") = "BLogic.Tests", "BLogic.Tests\BLogic.Tests.xproj", "{65364D1E-269C-476F-8BEE-4827ACE332A2}"
EndProject
Project("{2150E333-8FDC-42A3-9474-1A3956D46DE8}") = "client", "client", "{033FC1E1-763C-4594-B080-CAF15204D7C8}"
EndProject
Project("{FAE04EC0-301F-11D3-BF4B-00C04F79EFBC}") = "MobileClient", "MobileClient\MobileClient\MobileClient.csproj", "{774E767F-4D68-486A-ADD2-5158FE520B3C}"
EndProject
Project("{FAE04EC0-301F-11D3-BF4B-00C04F79EFBC}") = "MobileClient.Droid", "MobileClient\MobileClient.Droid\MobileClient.Droid.csproj", "{7AD0CE6C-DB6C-440C-A5E0-C4838822C4B8}"
EndProject
Project("{FAE04EC0-301F-11D3-BF4B-00C04F79EFBC}") = "MobileClient.iOS", "MobileClient\MobileClient.iOS\MobileClient.iOS.csproj", "{FF0440A0-3E90-4B4B-AEF2-D694959938AF}"
EndProject
Project("{FAE04EC0-301F-11D3-BF4B-00C04F79EFBC}") = "MobileClient.WinPhone", "MobileClient\MobileClient.WinPhone\MobileClient.WinPhone.csproj", "{EFE6A4FF-E319-44B7-AC8E-FBAC4DB941A3}"
EndProject
Project("{FAE04EC0-301F-11D3-BF4B-00C04F79EFBC}") = "MobileClient.UWP", "MobileClient\MobileClient.UWP\MobileClient.UWP.csproj", "{48FF6839-7340-4349-B0A4-D4C25A9A6A7C}"
EndProject
Project("{FAE04EC0-301F-11D3-BF4B-00C04F79EFBC}") = "MobileClient.Windows", "MobileClient\MobileClient.Windows\MobileClient.Windows.csproj", "{F61B1B13-9D8C-412D-A15C-AE36D96689EA}"
EndProject
Global
	GlobalSection(SolutionConfigurationPlatforms) = preSolution
		Ad-Hoc|Any CPU = Ad-Hoc|Any CPU
		Ad-Hoc|ARM = Ad-Hoc|ARM
		Ad-Hoc|iPhone = Ad-Hoc|iPhone
		Ad-Hoc|iPhoneSimulator = Ad-Hoc|iPhoneSimulator
		Ad-Hoc|x64 = Ad-Hoc|x64
		Ad-Hoc|x86 = Ad-Hoc|x86
		AppStore|Any CPU = AppStore|Any CPU
		AppStore|ARM = AppStore|ARM
		AppStore|iPhone = AppStore|iPhone
		AppStore|iPhoneSimulator = AppStore|iPhoneSimulator
		AppStore|x64 = AppStore|x64
		AppStore|x86 = AppStore|x86
		Debug|Any CPU = Debug|Any CPU
		Debug|ARM = Debug|ARM
		Debug|iPhone = Debug|iPhone
		Debug|iPhoneSimulator = Debug|iPhoneSimulator
		Debug|x64 = Debug|x64
		Debug|x86 = Debug|x86
		Release|Any CPU = Release|Any CPU
		Release|ARM = Release|ARM
		Release|iPhone = Release|iPhone
		Release|iPhoneSimulator = Release|iPhoneSimulator
		Release|x64 = Release|x64
		Release|x86 = Release|x86
	EndGlobalSection
	GlobalSection(ProjectConfigurationPlatforms) = postSolution
		{B904B2A7-025F-4E2B-BBFB-C094E66BB7AB}.Ad-Hoc|Any CPU.ActiveCfg = Release|Any CPU
		{B904B2A7-025F-4E2B-BBFB-C094E66BB7AB}.Ad-Hoc|Any CPU.Build.0 = Release|Any CPU
		{B904B2A7-025F-4E2B-BBFB-C094E66BB7AB}.Ad-Hoc|ARM.ActiveCfg = Release|Any CPU
		{B904B2A7-025F-4E2B-BBFB-C094E66BB7AB}.Ad-Hoc|ARM.Build.0 = Release|Any CPU
		{B904B2A7-025F-4E2B-BBFB-C094E66BB7AB}.Ad-Hoc|iPhone.ActiveCfg = Release|Any CPU
		{B904B2A7-025F-4E2B-BBFB-C094E66BB7AB}.Ad-Hoc|iPhone.Build.0 = Release|Any CPU
		{B904B2A7-025F-4E2B-BBFB-C094E66BB7AB}.Ad-Hoc|iPhoneSimulator.ActiveCfg = Release|Any CPU
		{B904B2A7-025F-4E2B-BBFB-C094E66BB7AB}.Ad-Hoc|iPhoneSimulator.Build.0 = Release|Any CPU
		{B904B2A7-025F-4E2B-BBFB-C094E66BB7AB}.Ad-Hoc|x64.ActiveCfg = Release|Any CPU
		{B904B2A7-025F-4E2B-BBFB-C094E66BB7AB}.Ad-Hoc|x64.Build.0 = Release|Any CPU
		{B904B2A7-025F-4E2B-BBFB-C094E66BB7AB}.Ad-Hoc|x86.ActiveCfg = Release|Any CPU
		{B904B2A7-025F-4E2B-BBFB-C094E66BB7AB}.Ad-Hoc|x86.Build.0 = Release|Any CPU
		{B904B2A7-025F-4E2B-BBFB-C094E66BB7AB}.AppStore|Any CPU.ActiveCfg = Release|Any CPU
		{B904B2A7-025F-4E2B-BBFB-C094E66BB7AB}.AppStore|Any CPU.Build.0 = Release|Any CPU
		{B904B2A7-025F-4E2B-BBFB-C094E66BB7AB}.AppStore|ARM.ActiveCfg = Release|Any CPU
		{B904B2A7-025F-4E2B-BBFB-C094E66BB7AB}.AppStore|ARM.Build.0 = Release|Any CPU
		{B904B2A7-025F-4E2B-BBFB-C094E66BB7AB}.AppStore|iPhone.ActiveCfg = Release|Any CPU
		{B904B2A7-025F-4E2B-BBFB-C094E66BB7AB}.AppStore|iPhone.Build.0 = Release|Any CPU
		{B904B2A7-025F-4E2B-BBFB-C094E66BB7AB}.AppStore|iPhoneSimulator.ActiveCfg = Release|Any CPU
		{B904B2A7-025F-4E2B-BBFB-C094E66BB7AB}.AppStore|iPhoneSimulator.Build.0 = Release|Any CPU
		{B904B2A7-025F-4E2B-BBFB-C094E66BB7AB}.AppStore|x64.ActiveCfg = Release|Any CPU
		{B904B2A7-025F-4E2B-BBFB-C094E66BB7AB}.AppStore|x64.Build.0 = Release|Any CPU
		{B904B2A7-025F-4E2B-BBFB-C094E66BB7AB}.AppStore|x86.ActiveCfg = Release|Any CPU
		{B904B2A7-025F-4E2B-BBFB-C094E66BB7AB}.AppStore|x86.Build.0 = Release|Any CPU
		{B904B2A7-025F-4E2B-BBFB-C094E66BB7AB}.Debug|Any CPU.ActiveCfg = Debug|Any CPU
		{B904B2A7-025F-4E2B-BBFB-C094E66BB7AB}.Debug|Any CPU.Build.0 = Debug|Any CPU
		{B904B2A7-025F-4E2B-BBFB-C094E66BB7AB}.Debug|ARM.ActiveCfg = Debug|Any CPU
		{B904B2A7-025F-4E2B-BBFB-C094E66BB7AB}.Debug|ARM.Build.0 = Debug|Any CPU
		{B904B2A7-025F-4E2B-BBFB-C094E66BB7AB}.Debug|iPhone.ActiveCfg = Debug|Any CPU
		{B904B2A7-025F-4E2B-BBFB-C094E66BB7AB}.Debug|iPhone.Build.0 = Debug|Any CPU
		{B904B2A7-025F-4E2B-BBFB-C094E66BB7AB}.Debug|iPhoneSimulator.ActiveCfg = Debug|Any CPU
		{B904B2A7-025F-4E2B-BBFB-C094E66BB7AB}.Debug|iPhoneSimulator.Build.0 = Debug|Any CPU
		{B904B2A7-025F-4E2B-BBFB-C094E66BB7AB}.Debug|x64.ActiveCfg = Debug|Any CPU
		{B904B2A7-025F-4E2B-BBFB-C094E66BB7AB}.Debug|x64.Build.0 = Debug|Any CPU
		{B904B2A7-025F-4E2B-BBFB-C094E66BB7AB}.Debug|x86.ActiveCfg = Debug|Any CPU
		{B904B2A7-025F-4E2B-BBFB-C094E66BB7AB}.Debug|x86.Build.0 = Debug|Any CPU
		{B904B2A7-025F-4E2B-BBFB-C094E66BB7AB}.Release|Any CPU.ActiveCfg = Release|Any CPU
		{B904B2A7-025F-4E2B-BBFB-C094E66BB7AB}.Release|Any CPU.Build.0 = Release|Any CPU
		{B904B2A7-025F-4E2B-BBFB-C094E66BB7AB}.Release|ARM.ActiveCfg = Release|Any CPU
		{B904B2A7-025F-4E2B-BBFB-C094E66BB7AB}.Release|ARM.Build.0 = Release|Any CPU
		{B904B2A7-025F-4E2B-BBFB-C094E66BB7AB}.Release|iPhone.ActiveCfg = Release|Any CPU
		{B904B2A7-025F-4E2B-BBFB-C094E66BB7AB}.Release|iPhone.Build.0 = Release|Any CPU
		{B904B2A7-025F-4E2B-BBFB-C094E66BB7AB}.Release|iPhoneSimulator.ActiveCfg = Release|Any CPU
		{B904B2A7-025F-4E2B-BBFB-C094E66BB7AB}.Release|iPhoneSimulator.Build.0 = Release|Any CPU
		{B904B2A7-025F-4E2B-BBFB-C094E66BB7AB}.Release|x64.ActiveCfg = Release|Any CPU
		{B904B2A7-025F-4E2B-BBFB-C094E66BB7AB}.Release|x64.Build.0 = Release|Any CPU
		{B904B2A7-025F-4E2B-BBFB-C094E66BB7AB}.Release|x86.ActiveCfg = Release|Any CPU
		{B904B2A7-025F-4E2B-BBFB-C094E66BB7AB}.Release|x86.Build.0 = Release|Any CPU
		{6F73AF81-B764-410D-A6A7-A23FA878359F}.Ad-Hoc|Any CPU.ActiveCfg = Release|Any CPU
		{6F73AF81-B764-410D-A6A7-A23FA878359F}.Ad-Hoc|Any CPU.Build.0 = Release|Any CPU
		{6F73AF81-B764-410D-A6A7-A23FA878359F}.Ad-Hoc|ARM.ActiveCfg = Release|Any CPU
		{6F73AF81-B764-410D-A6A7-A23FA878359F}.Ad-Hoc|ARM.Build.0 = Release|Any CPU
		{6F73AF81-B764-410D-A6A7-A23FA878359F}.Ad-Hoc|iPhone.ActiveCfg = Release|Any CPU
		{6F73AF81-B764-410D-A6A7-A23FA878359F}.Ad-Hoc|iPhone.Build.0 = Release|Any CPU
		{6F73AF81-B764-410D-A6A7-A23FA878359F}.Ad-Hoc|iPhoneSimulator.ActiveCfg = Release|Any CPU
		{6F73AF81-B764-410D-A6A7-A23FA878359F}.Ad-Hoc|iPhoneSimulator.Build.0 = Release|Any CPU
		{6F73AF81-B764-410D-A6A7-A23FA878359F}.Ad-Hoc|x64.ActiveCfg = Release|Any CPU
		{6F73AF81-B764-410D-A6A7-A23FA878359F}.Ad-Hoc|x64.Build.0 = Release|Any CPU
		{6F73AF81-B764-410D-A6A7-A23FA878359F}.Ad-Hoc|x86.ActiveCfg = Release|Any CPU
		{6F73AF81-B764-410D-A6A7-A23FA878359F}.Ad-Hoc|x86.Build.0 = Release|Any CPU
		{6F73AF81-B764-410D-A6A7-A23FA878359F}.AppStore|Any CPU.ActiveCfg = Release|Any CPU
		{6F73AF81-B764-410D-A6A7-A23FA878359F}.AppStore|Any CPU.Build.0 = Release|Any CPU
		{6F73AF81-B764-410D-A6A7-A23FA878359F}.AppStore|ARM.ActiveCfg = Release|Any CPU
		{6F73AF81-B764-410D-A6A7-A23FA878359F}.AppStore|ARM.Build.0 = Release|Any CPU
		{6F73AF81-B764-410D-A6A7-A23FA878359F}.AppStore|iPhone.ActiveCfg = Release|Any CPU
		{6F73AF81-B764-410D-A6A7-A23FA878359F}.AppStore|iPhone.Build.0 = Release|Any CPU
		{6F73AF81-B764-410D-A6A7-A23FA878359F}.AppStore|iPhoneSimulator.ActiveCfg = Release|Any CPU
		{6F73AF81-B764-410D-A6A7-A23FA878359F}.AppStore|iPhoneSimulator.Build.0 = Release|Any CPU
		{6F73AF81-B764-410D-A6A7-A23FA878359F}.AppStore|x64.ActiveCfg = Release|Any CPU
		{6F73AF81-B764-410D-A6A7-A23FA878359F}.AppStore|x64.Build.0 = Release|Any CPU
		{6F73AF81-B764-410D-A6A7-A23FA878359F}.AppStore|x86.ActiveCfg = Release|Any CPU
		{6F73AF81-B764-410D-A6A7-A23FA878359F}.AppStore|x86.Build.0 = Release|Any CPU
		{6F73AF81-B764-410D-A6A7-A23FA878359F}.Debug|Any CPU.ActiveCfg = Debug|Any CPU
		{6F73AF81-B764-410D-A6A7-A23FA878359F}.Debug|Any CPU.Build.0 = Debug|Any CPU
		{6F73AF81-B764-410D-A6A7-A23FA878359F}.Debug|ARM.ActiveCfg = Debug|Any CPU
		{6F73AF81-B764-410D-A6A7-A23FA878359F}.Debug|ARM.Build.0 = Debug|Any CPU
		{6F73AF81-B764-410D-A6A7-A23FA878359F}.Debug|iPhone.ActiveCfg = Debug|Any CPU
		{6F73AF81-B764-410D-A6A7-A23FA878359F}.Debug|iPhone.Build.0 = Debug|Any CPU
		{6F73AF81-B764-410D-A6A7-A23FA878359F}.Debug|iPhoneSimulator.ActiveCfg = Debug|Any CPU
		{6F73AF81-B764-410D-A6A7-A23FA878359F}.Debug|iPhoneSimulator.Build.0 = Debug|Any CPU
		{6F73AF81-B764-410D-A6A7-A23FA878359F}.Debug|x64.ActiveCfg = Debug|Any CPU
		{6F73AF81-B764-410D-A6A7-A23FA878359F}.Debug|x64.Build.0 = Debug|Any CPU
		{6F73AF81-B764-410D-A6A7-A23FA878359F}.Debug|x86.ActiveCfg = Debug|Any CPU
		{6F73AF81-B764-410D-A6A7-A23FA878359F}.Debug|x86.Build.0 = Debug|Any CPU
		{6F73AF81-B764-410D-A6A7-A23FA878359F}.Release|Any CPU.ActiveCfg = Release|Any CPU
		{6F73AF81-B764-410D-A6A7-A23FA878359F}.Release|Any CPU.Build.0 = Release|Any CPU
		{6F73AF81-B764-410D-A6A7-A23FA878359F}.Release|ARM.ActiveCfg = Release|Any CPU
		{6F73AF81-B764-410D-A6A7-A23FA878359F}.Release|ARM.Build.0 = Release|Any CPU
		{6F73AF81-B764-410D-A6A7-A23FA878359F}.Release|iPhone.ActiveCfg = Release|Any CPU
		{6F73AF81-B764-410D-A6A7-A23FA878359F}.Release|iPhone.Build.0 = Release|Any CPU
		{6F73AF81-B764-410D-A6A7-A23FA878359F}.Release|iPhoneSimulator.ActiveCfg = Release|Any CPU
		{6F73AF81-B764-410D-A6A7-A23FA878359F}.Release|iPhoneSimulator.Build.0 = Release|Any CPU
		{6F73AF81-B764-410D-A6A7-A23FA878359F}.Release|x64.ActiveCfg = Release|Any CPU
		{6F73AF81-B764-410D-A6A7-A23FA878359F}.Release|x64.Build.0 = Release|Any CPU
		{6F73AF81-B764-410D-A6A7-A23FA878359F}.Release|x86.ActiveCfg = Release|Any CPU
		{6F73AF81-B764-410D-A6A7-A23FA878359F}.Release|x86.Build.0 = Release|Any CPU
		{BB6144E0-43DC-4153-AEDB-BCF3302038AF}.Ad-Hoc|Any CPU.ActiveCfg = Release|Any CPU
		{BB6144E0-43DC-4153-AEDB-BCF3302038AF}.Ad-Hoc|Any CPU.Build.0 = Release|Any CPU
		{BB6144E0-43DC-4153-AEDB-BCF3302038AF}.Ad-Hoc|ARM.ActiveCfg = Release|Any CPU
		{BB6144E0-43DC-4153-AEDB-BCF3302038AF}.Ad-Hoc|ARM.Build.0 = Release|Any CPU
		{BB6144E0-43DC-4153-AEDB-BCF3302038AF}.Ad-Hoc|iPhone.ActiveCfg = Release|Any CPU
		{BB6144E0-43DC-4153-AEDB-BCF3302038AF}.Ad-Hoc|iPhone.Build.0 = Release|Any CPU
		{BB6144E0-43DC-4153-AEDB-BCF3302038AF}.Ad-Hoc|iPhoneSimulator.ActiveCfg = Release|Any CPU
		{BB6144E0-43DC-4153-AEDB-BCF3302038AF}.Ad-Hoc|iPhoneSimulator.Build.0 = Release|Any CPU
		{BB6144E0-43DC-4153-AEDB-BCF3302038AF}.Ad-Hoc|x64.ActiveCfg = Release|Any CPU
		{BB6144E0-43DC-4153-AEDB-BCF3302038AF}.Ad-Hoc|x64.Build.0 = Release|Any CPU
		{BB6144E0-43DC-4153-AEDB-BCF3302038AF}.Ad-Hoc|x86.ActiveCfg = Release|Any CPU
		{BB6144E0-43DC-4153-AEDB-BCF3302038AF}.Ad-Hoc|x86.Build.0 = Release|Any CPU
		{BB6144E0-43DC-4153-AEDB-BCF3302038AF}.AppStore|Any CPU.ActiveCfg = Release|Any CPU
		{BB6144E0-43DC-4153-AEDB-BCF3302038AF}.AppStore|Any CPU.Build.0 = Release|Any CPU
		{BB6144E0-43DC-4153-AEDB-BCF3302038AF}.AppStore|ARM.ActiveCfg = Release|Any CPU
		{BB6144E0-43DC-4153-AEDB-BCF3302038AF}.AppStore|ARM.Build.0 = Release|Any CPU
		{BB6144E0-43DC-4153-AEDB-BCF3302038AF}.AppStore|iPhone.ActiveCfg = Release|Any CPU
		{BB6144E0-43DC-4153-AEDB-BCF3302038AF}.AppStore|iPhone.Build.0 = Release|Any CPU
		{BB6144E0-43DC-4153-AEDB-BCF3302038AF}.AppStore|iPhoneSimulator.ActiveCfg = Release|Any CPU
		{BB6144E0-43DC-4153-AEDB-BCF3302038AF}.AppStore|iPhoneSimulator.Build.0 = Release|Any CPU
		{BB6144E0-43DC-4153-AEDB-BCF3302038AF}.AppStore|x64.ActiveCfg = Release|Any CPU
		{BB6144E0-43DC-4153-AEDB-BCF3302038AF}.AppStore|x64.Build.0 = Release|Any CPU
		{BB6144E0-43DC-4153-AEDB-BCF3302038AF}.AppStore|x86.ActiveCfg = Release|Any CPU
		{BB6144E0-43DC-4153-AEDB-BCF3302038AF}.AppStore|x86.Build.0 = Release|Any CPU
		{BB6144E0-43DC-4153-AEDB-BCF3302038AF}.Debug|Any CPU.ActiveCfg = Debug|Any CPU
		{BB6144E0-43DC-4153-AEDB-BCF3302038AF}.Debug|Any CPU.Build.0 = Debug|Any CPU
		{BB6144E0-43DC-4153-AEDB-BCF3302038AF}.Debug|ARM.ActiveCfg = Debug|Any CPU
		{BB6144E0-43DC-4153-AEDB-BCF3302038AF}.Debug|ARM.Build.0 = Debug|Any CPU
		{BB6144E0-43DC-4153-AEDB-BCF3302038AF}.Debug|iPhone.ActiveCfg = Debug|Any CPU
		{BB6144E0-43DC-4153-AEDB-BCF3302038AF}.Debug|iPhone.Build.0 = Debug|Any CPU
		{BB6144E0-43DC-4153-AEDB-BCF3302038AF}.Debug|iPhoneSimulator.ActiveCfg = Debug|Any CPU
		{BB6144E0-43DC-4153-AEDB-BCF3302038AF}.Debug|iPhoneSimulator.Build.0 = Debug|Any CPU
		{BB6144E0-43DC-4153-AEDB-BCF3302038AF}.Debug|x64.ActiveCfg = Debug|Any CPU
		{BB6144E0-43DC-4153-AEDB-BCF3302038AF}.Debug|x64.Build.0 = Debug|Any CPU
		{BB6144E0-43DC-4153-AEDB-BCF3302038AF}.Debug|x86.ActiveCfg = Debug|Any CPU
		{BB6144E0-43DC-4153-AEDB-BCF3302038AF}.Debug|x86.Build.0 = Debug|Any CPU
		{BB6144E0-43DC-4153-AEDB-BCF3302038AF}.Release|Any CPU.ActiveCfg = Release|Any CPU
		{BB6144E0-43DC-4153-AEDB-BCF3302038AF}.Release|Any CPU.Build.0 = Release|Any CPU
		{BB6144E0-43DC-4153-AEDB-BCF3302038AF}.Release|ARM.ActiveCfg = Release|Any CPU
		{BB6144E0-43DC-4153-AEDB-BCF3302038AF}.Release|ARM.Build.0 = Release|Any CPU
		{BB6144E0-43DC-4153-AEDB-BCF3302038AF}.Release|iPhone.ActiveCfg = Release|Any CPU
		{BB6144E0-43DC-4153-AEDB-BCF3302038AF}.Release|iPhone.Build.0 = Release|Any CPU
		{BB6144E0-43DC-4153-AEDB-BCF3302038AF}.Release|iPhoneSimulator.ActiveCfg = Release|Any CPU
		{BB6144E0-43DC-4153-AEDB-BCF3302038AF}.Release|iPhoneSimulator.Build.0 = Release|Any CPU
		{BB6144E0-43DC-4153-AEDB-BCF3302038AF}.Release|x64.ActiveCfg = Release|Any CPU
		{BB6144E0-43DC-4153-AEDB-BCF3302038AF}.Release|x64.Build.0 = Release|Any CPU
		{BB6144E0-43DC-4153-AEDB-BCF3302038AF}.Release|x86.ActiveCfg = Release|Any CPU
		{BB6144E0-43DC-4153-AEDB-BCF3302038AF}.Release|x86.Build.0 = Release|Any CPU
		{9DD6BF61-7748-4214-B83E-E265F817D60D}.Ad-Hoc|Any CPU.ActiveCfg = Release|Any CPU
		{9DD6BF61-7748-4214-B83E-E265F817D60D}.Ad-Hoc|Any CPU.Build.0 = Release|Any CPU
		{9DD6BF61-7748-4214-B83E-E265F817D60D}.Ad-Hoc|ARM.ActiveCfg = Release|Any CPU
		{9DD6BF61-7748-4214-B83E-E265F817D60D}.Ad-Hoc|ARM.Build.0 = Release|Any CPU
		{9DD6BF61-7748-4214-B83E-E265F817D60D}.Ad-Hoc|iPhone.ActiveCfg = Release|Any CPU
		{9DD6BF61-7748-4214-B83E-E265F817D60D}.Ad-Hoc|iPhone.Build.0 = Release|Any CPU
		{9DD6BF61-7748-4214-B83E-E265F817D60D}.Ad-Hoc|iPhoneSimulator.ActiveCfg = Release|Any CPU
		{9DD6BF61-7748-4214-B83E-E265F817D60D}.Ad-Hoc|iPhoneSimulator.Build.0 = Release|Any CPU
		{9DD6BF61-7748-4214-B83E-E265F817D60D}.Ad-Hoc|x64.ActiveCfg = Release|Any CPU
		{9DD6BF61-7748-4214-B83E-E265F817D60D}.Ad-Hoc|x64.Build.0 = Release|Any CPU
		{9DD6BF61-7748-4214-B83E-E265F817D60D}.Ad-Hoc|x86.ActiveCfg = Release|Any CPU
		{9DD6BF61-7748-4214-B83E-E265F817D60D}.Ad-Hoc|x86.Build.0 = Release|Any CPU
		{9DD6BF61-7748-4214-B83E-E265F817D60D}.AppStore|Any CPU.ActiveCfg = Release|Any CPU
		{9DD6BF61-7748-4214-B83E-E265F817D60D}.AppStore|Any CPU.Build.0 = Release|Any CPU
		{9DD6BF61-7748-4214-B83E-E265F817D60D}.AppStore|ARM.ActiveCfg = Release|Any CPU
		{9DD6BF61-7748-4214-B83E-E265F817D60D}.AppStore|ARM.Build.0 = Release|Any CPU
		{9DD6BF61-7748-4214-B83E-E265F817D60D}.AppStore|iPhone.ActiveCfg = Release|Any CPU
		{9DD6BF61-7748-4214-B83E-E265F817D60D}.AppStore|iPhone.Build.0 = Release|Any CPU
		{9DD6BF61-7748-4214-B83E-E265F817D60D}.AppStore|iPhoneSimulator.ActiveCfg = Release|Any CPU
		{9DD6BF61-7748-4214-B83E-E265F817D60D}.AppStore|iPhoneSimulator.Build.0 = Release|Any CPU
		{9DD6BF61-7748-4214-B83E-E265F817D60D}.AppStore|x64.ActiveCfg = Release|Any CPU
		{9DD6BF61-7748-4214-B83E-E265F817D60D}.AppStore|x64.Build.0 = Release|Any CPU
		{9DD6BF61-7748-4214-B83E-E265F817D60D}.AppStore|x86.ActiveCfg = Release|Any CPU
		{9DD6BF61-7748-4214-B83E-E265F817D60D}.AppStore|x86.Build.0 = Release|Any CPU
		{9DD6BF61-7748-4214-B83E-E265F817D60D}.Debug|Any CPU.ActiveCfg = Debug|Any CPU
		{9DD6BF61-7748-4214-B83E-E265F817D60D}.Debug|Any CPU.Build.0 = Debug|Any CPU
		{9DD6BF61-7748-4214-B83E-E265F817D60D}.Debug|ARM.ActiveCfg = Debug|Any CPU
		{9DD6BF61-7748-4214-B83E-E265F817D60D}.Debug|ARM.Build.0 = Debug|Any CPU
		{9DD6BF61-7748-4214-B83E-E265F817D60D}.Debug|iPhone.ActiveCfg = Debug|Any CPU
		{9DD6BF61-7748-4214-B83E-E265F817D60D}.Debug|iPhone.Build.0 = Debug|Any CPU
		{9DD6BF61-7748-4214-B83E-E265F817D60D}.Debug|iPhoneSimulator.ActiveCfg = Debug|Any CPU
		{9DD6BF61-7748-4214-B83E-E265F817D60D}.Debug|iPhoneSimulator.Build.0 = Debug|Any CPU
		{9DD6BF61-7748-4214-B83E-E265F817D60D}.Debug|x64.ActiveCfg = Debug|Any CPU
		{9DD6BF61-7748-4214-B83E-E265F817D60D}.Debug|x64.Build.0 = Debug|Any CPU
		{9DD6BF61-7748-4214-B83E-E265F817D60D}.Debug|x86.ActiveCfg = Debug|Any CPU
		{9DD6BF61-7748-4214-B83E-E265F817D60D}.Debug|x86.Build.0 = Debug|Any CPU
		{9DD6BF61-7748-4214-B83E-E265F817D60D}.Release|Any CPU.ActiveCfg = Release|Any CPU
		{9DD6BF61-7748-4214-B83E-E265F817D60D}.Release|Any CPU.Build.0 = Release|Any CPU
		{9DD6BF61-7748-4214-B83E-E265F817D60D}.Release|ARM.ActiveCfg = Release|Any CPU
		{9DD6BF61-7748-4214-B83E-E265F817D60D}.Release|ARM.Build.0 = Release|Any CPU
		{9DD6BF61-7748-4214-B83E-E265F817D60D}.Release|iPhone.ActiveCfg = Release|Any CPU
		{9DD6BF61-7748-4214-B83E-E265F817D60D}.Release|iPhone.Build.0 = Release|Any CPU
		{9DD6BF61-7748-4214-B83E-E265F817D60D}.Release|iPhoneSimulator.ActiveCfg = Release|Any CPU
		{9DD6BF61-7748-4214-B83E-E265F817D60D}.Release|iPhoneSimulator.Build.0 = Release|Any CPU
		{9DD6BF61-7748-4214-B83E-E265F817D60D}.Release|x64.ActiveCfg = Release|Any CPU
		{9DD6BF61-7748-4214-B83E-E265F817D60D}.Release|x64.Build.0 = Release|Any CPU
		{9DD6BF61-7748-4214-B83E-E265F817D60D}.Release|x86.ActiveCfg = Release|Any CPU
		{9DD6BF61-7748-4214-B83E-E265F817D60D}.Release|x86.Build.0 = Release|Any CPU
		{65364D1E-269C-476F-8BEE-4827ACE332A2}.Ad-Hoc|Any CPU.ActiveCfg = Debug|Any CPU
		{65364D1E-269C-476F-8BEE-4827ACE332A2}.Ad-Hoc|Any CPU.Build.0 = Debug|Any CPU
		{65364D1E-269C-476F-8BEE-4827ACE332A2}.Ad-Hoc|ARM.ActiveCfg = Debug|Any CPU
		{65364D1E-269C-476F-8BEE-4827ACE332A2}.Ad-Hoc|ARM.Build.0 = Debug|Any CPU
		{65364D1E-269C-476F-8BEE-4827ACE332A2}.Ad-Hoc|iPhone.ActiveCfg = Debug|Any CPU
		{65364D1E-269C-476F-8BEE-4827ACE332A2}.Ad-Hoc|iPhone.Build.0 = Debug|Any CPU
		{65364D1E-269C-476F-8BEE-4827ACE332A2}.Ad-Hoc|iPhoneSimulator.ActiveCfg = Debug|Any CPU
		{65364D1E-269C-476F-8BEE-4827ACE332A2}.Ad-Hoc|iPhoneSimulator.Build.0 = Debug|Any CPU
		{65364D1E-269C-476F-8BEE-4827ACE332A2}.Ad-Hoc|x64.ActiveCfg = Debug|Any CPU
		{65364D1E-269C-476F-8BEE-4827ACE332A2}.Ad-Hoc|x64.Build.0 = Debug|Any CPU
		{65364D1E-269C-476F-8BEE-4827ACE332A2}.Ad-Hoc|x86.ActiveCfg = Debug|Any CPU
		{65364D1E-269C-476F-8BEE-4827ACE332A2}.Ad-Hoc|x86.Build.0 = Debug|Any CPU
		{65364D1E-269C-476F-8BEE-4827ACE332A2}.AppStore|Any CPU.ActiveCfg = Debug|Any CPU
		{65364D1E-269C-476F-8BEE-4827ACE332A2}.AppStore|Any CPU.Build.0 = Debug|Any CPU
		{65364D1E-269C-476F-8BEE-4827ACE332A2}.AppStore|ARM.ActiveCfg = Debug|Any CPU
		{65364D1E-269C-476F-8BEE-4827ACE332A2}.AppStore|ARM.Build.0 = Debug|Any CPU
		{65364D1E-269C-476F-8BEE-4827ACE332A2}.AppStore|iPhone.ActiveCfg = Debug|Any CPU
		{65364D1E-269C-476F-8BEE-4827ACE332A2}.AppStore|iPhone.Build.0 = Debug|Any CPU
		{65364D1E-269C-476F-8BEE-4827ACE332A2}.AppStore|iPhoneSimulator.ActiveCfg = Debug|Any CPU
		{65364D1E-269C-476F-8BEE-4827ACE332A2}.AppStore|iPhoneSimulator.Build.0 = Debug|Any CPU
		{65364D1E-269C-476F-8BEE-4827ACE332A2}.AppStore|x64.ActiveCfg = Debug|Any CPU
		{65364D1E-269C-476F-8BEE-4827ACE332A2}.AppStore|x64.Build.0 = Debug|Any CPU
		{65364D1E-269C-476F-8BEE-4827ACE332A2}.AppStore|x86.ActiveCfg = Debug|Any CPU
		{65364D1E-269C-476F-8BEE-4827ACE332A2}.AppStore|x86.Build.0 = Debug|Any CPU
		{65364D1E-269C-476F-8BEE-4827ACE332A2}.Debug|Any CPU.ActiveCfg = Debug|Any CPU
		{65364D1E-269C-476F-8BEE-4827ACE332A2}.Debug|Any CPU.Build.0 = Debug|Any CPU
		{65364D1E-269C-476F-8BEE-4827ACE332A2}.Debug|ARM.ActiveCfg = Debug|Any CPU
		{65364D1E-269C-476F-8BEE-4827ACE332A2}.Debug|ARM.Build.0 = Debug|Any CPU
		{65364D1E-269C-476F-8BEE-4827ACE332A2}.Debug|iPhone.ActiveCfg = Debug|Any CPU
		{65364D1E-269C-476F-8BEE-4827ACE332A2}.Debug|iPhone.Build.0 = Debug|Any CPU
		{65364D1E-269C-476F-8BEE-4827ACE332A2}.Debug|iPhoneSimulator.ActiveCfg = Debug|Any CPU
		{65364D1E-269C-476F-8BEE-4827ACE332A2}.Debug|iPhoneSimulator.Build.0 = Debug|Any CPU
		{65364D1E-269C-476F-8BEE-4827ACE332A2}.Debug|x64.ActiveCfg = Debug|Any CPU
		{65364D1E-269C-476F-8BEE-4827ACE332A2}.Debug|x64.Build.0 = Debug|Any CPU
		{65364D1E-269C-476F-8BEE-4827ACE332A2}.Debug|x86.ActiveCfg = Debug|Any CPU
		{65364D1E-269C-476F-8BEE-4827ACE332A2}.Debug|x86.Build.0 = Debug|Any CPU
		{65364D1E-269C-476F-8BEE-4827ACE332A2}.Release|Any CPU.ActiveCfg = Release|Any CPU
		{65364D1E-269C-476F-8BEE-4827ACE332A2}.Release|Any CPU.Build.0 = Release|Any CPU
		{65364D1E-269C-476F-8BEE-4827ACE332A2}.Release|ARM.ActiveCfg = Release|Any CPU
		{65364D1E-269C-476F-8BEE-4827ACE332A2}.Release|ARM.Build.0 = Release|Any CPU
		{65364D1E-269C-476F-8BEE-4827ACE332A2}.Release|iPhone.ActiveCfg = Release|Any CPU
		{65364D1E-269C-476F-8BEE-4827ACE332A2}.Release|iPhone.Build.0 = Release|Any CPU
		{65364D1E-269C-476F-8BEE-4827ACE332A2}.Release|iPhoneSimulator.ActiveCfg = Release|Any CPU
		{65364D1E-269C-476F-8BEE-4827ACE332A2}.Release|iPhoneSimulator.Build.0 = Release|Any CPU
		{65364D1E-269C-476F-8BEE-4827ACE332A2}.Release|x64.ActiveCfg = Release|Any CPU
		{65364D1E-269C-476F-8BEE-4827ACE332A2}.Release|x64.Build.0 = Release|Any CPU
		{65364D1E-269C-476F-8BEE-4827ACE332A2}.Release|x86.ActiveCfg = Release|Any CPU
		{65364D1E-269C-476F-8BEE-4827ACE332A2}.Release|x86.Build.0 = Release|Any CPU
		{774E767F-4D68-486A-ADD2-5158FE520B3C}.Ad-Hoc|Any CPU.ActiveCfg = Release|Any CPU
		{774E767F-4D68-486A-ADD2-5158FE520B3C}.Ad-Hoc|Any CPU.Build.0 = Release|Any CPU
		{774E767F-4D68-486A-ADD2-5158FE520B3C}.Ad-Hoc|ARM.ActiveCfg = Release|Any CPU
		{774E767F-4D68-486A-ADD2-5158FE520B3C}.Ad-Hoc|ARM.Build.0 = Release|Any CPU
		{774E767F-4D68-486A-ADD2-5158FE520B3C}.Ad-Hoc|iPhone.ActiveCfg = Release|Any CPU
		{774E767F-4D68-486A-ADD2-5158FE520B3C}.Ad-Hoc|iPhone.Build.0 = Release|Any CPU
		{774E767F-4D68-486A-ADD2-5158FE520B3C}.Ad-Hoc|iPhoneSimulator.ActiveCfg = Release|Any CPU
		{774E767F-4D68-486A-ADD2-5158FE520B3C}.Ad-Hoc|iPhoneSimulator.Build.0 = Release|Any CPU
		{774E767F-4D68-486A-ADD2-5158FE520B3C}.Ad-Hoc|x64.ActiveCfg = Release|Any CPU
		{774E767F-4D68-486A-ADD2-5158FE520B3C}.Ad-Hoc|x64.Build.0 = Release|Any CPU
		{774E767F-4D68-486A-ADD2-5158FE520B3C}.Ad-Hoc|x86.ActiveCfg = Release|Any CPU
		{774E767F-4D68-486A-ADD2-5158FE520B3C}.Ad-Hoc|x86.Build.0 = Release|Any CPU
		{774E767F-4D68-486A-ADD2-5158FE520B3C}.AppStore|Any CPU.ActiveCfg = Release|Any CPU
		{774E767F-4D68-486A-ADD2-5158FE520B3C}.AppStore|Any CPU.Build.0 = Release|Any CPU
		{774E767F-4D68-486A-ADD2-5158FE520B3C}.AppStore|ARM.ActiveCfg = Release|Any CPU
		{774E767F-4D68-486A-ADD2-5158FE520B3C}.AppStore|ARM.Build.0 = Release|Any CPU
		{774E767F-4D68-486A-ADD2-5158FE520B3C}.AppStore|iPhone.ActiveCfg = Release|Any CPU
		{774E767F-4D68-486A-ADD2-5158FE520B3C}.AppStore|iPhone.Build.0 = Release|Any CPU
		{774E767F-4D68-486A-ADD2-5158FE520B3C}.AppStore|iPhoneSimulator.ActiveCfg = Release|Any CPU
		{774E767F-4D68-486A-ADD2-5158FE520B3C}.AppStore|iPhoneSimulator.Build.0 = Release|Any CPU
		{774E767F-4D68-486A-ADD2-5158FE520B3C}.AppStore|x64.ActiveCfg = Release|Any CPU
		{774E767F-4D68-486A-ADD2-5158FE520B3C}.AppStore|x64.Build.0 = Release|Any CPU
		{774E767F-4D68-486A-ADD2-5158FE520B3C}.AppStore|x86.ActiveCfg = Release|Any CPU
		{774E767F-4D68-486A-ADD2-5158FE520B3C}.AppStore|x86.Build.0 = Release|Any CPU
		{774E767F-4D68-486A-ADD2-5158FE520B3C}.Debug|Any CPU.ActiveCfg = Debug|Any CPU
		{774E767F-4D68-486A-ADD2-5158FE520B3C}.Debug|Any CPU.Build.0 = Debug|Any CPU
		{774E767F-4D68-486A-ADD2-5158FE520B3C}.Debug|ARM.ActiveCfg = Debug|Any CPU
		{774E767F-4D68-486A-ADD2-5158FE520B3C}.Debug|ARM.Build.0 = Debug|Any CPU
		{774E767F-4D68-486A-ADD2-5158FE520B3C}.Debug|iPhone.ActiveCfg = Debug|Any CPU
		{774E767F-4D68-486A-ADD2-5158FE520B3C}.Debug|iPhone.Build.0 = Debug|Any CPU
		{774E767F-4D68-486A-ADD2-5158FE520B3C}.Debug|iPhoneSimulator.ActiveCfg = Debug|Any CPU
		{774E767F-4D68-486A-ADD2-5158FE520B3C}.Debug|iPhoneSimulator.Build.0 = Debug|Any CPU
		{774E767F-4D68-486A-ADD2-5158FE520B3C}.Debug|x64.ActiveCfg = Debug|Any CPU
		{774E767F-4D68-486A-ADD2-5158FE520B3C}.Debug|x64.Build.0 = Debug|Any CPU
		{774E767F-4D68-486A-ADD2-5158FE520B3C}.Debug|x86.ActiveCfg = Debug|Any CPU
		{774E767F-4D68-486A-ADD2-5158FE520B3C}.Debug|x86.Build.0 = Debug|Any CPU
		{774E767F-4D68-486A-ADD2-5158FE520B3C}.Release|Any CPU.ActiveCfg = Release|Any CPU
		{774E767F-4D68-486A-ADD2-5158FE520B3C}.Release|Any CPU.Build.0 = Release|Any CPU
		{774E767F-4D68-486A-ADD2-5158FE520B3C}.Release|ARM.ActiveCfg = Release|Any CPU
		{774E767F-4D68-486A-ADD2-5158FE520B3C}.Release|ARM.Build.0 = Release|Any CPU
		{774E767F-4D68-486A-ADD2-5158FE520B3C}.Release|iPhone.ActiveCfg = Release|Any CPU
		{774E767F-4D68-486A-ADD2-5158FE520B3C}.Release|iPhone.Build.0 = Release|Any CPU
		{774E767F-4D68-486A-ADD2-5158FE520B3C}.Release|iPhoneSimulator.ActiveCfg = Release|Any CPU
		{774E767F-4D68-486A-ADD2-5158FE520B3C}.Release|iPhoneSimulator.Build.0 = Release|Any CPU
		{774E767F-4D68-486A-ADD2-5158FE520B3C}.Release|x64.ActiveCfg = Release|Any CPU
		{774E767F-4D68-486A-ADD2-5158FE520B3C}.Release|x64.Build.0 = Release|Any CPU
		{774E767F-4D68-486A-ADD2-5158FE520B3C}.Release|x86.ActiveCfg = Release|Any CPU
		{774E767F-4D68-486A-ADD2-5158FE520B3C}.Release|x86.Build.0 = Release|Any CPU
		{7AD0CE6C-DB6C-440C-A5E0-C4838822C4B8}.Ad-Hoc|Any CPU.ActiveCfg = Release|Any CPU
		{7AD0CE6C-DB6C-440C-A5E0-C4838822C4B8}.Ad-Hoc|Any CPU.Build.0 = Release|Any CPU
		{7AD0CE6C-DB6C-440C-A5E0-C4838822C4B8}.Ad-Hoc|Any CPU.Deploy.0 = Release|Any CPU
		{7AD0CE6C-DB6C-440C-A5E0-C4838822C4B8}.Ad-Hoc|ARM.ActiveCfg = Release|Any CPU
		{7AD0CE6C-DB6C-440C-A5E0-C4838822C4B8}.Ad-Hoc|ARM.Build.0 = Release|Any CPU
		{7AD0CE6C-DB6C-440C-A5E0-C4838822C4B8}.Ad-Hoc|ARM.Deploy.0 = Release|Any CPU
		{7AD0CE6C-DB6C-440C-A5E0-C4838822C4B8}.Ad-Hoc|iPhone.ActiveCfg = Release|Any CPU
		{7AD0CE6C-DB6C-440C-A5E0-C4838822C4B8}.Ad-Hoc|iPhone.Build.0 = Release|Any CPU
		{7AD0CE6C-DB6C-440C-A5E0-C4838822C4B8}.Ad-Hoc|iPhone.Deploy.0 = Release|Any CPU
		{7AD0CE6C-DB6C-440C-A5E0-C4838822C4B8}.Ad-Hoc|iPhoneSimulator.ActiveCfg = Release|Any CPU
		{7AD0CE6C-DB6C-440C-A5E0-C4838822C4B8}.Ad-Hoc|iPhoneSimulator.Build.0 = Release|Any CPU
		{7AD0CE6C-DB6C-440C-A5E0-C4838822C4B8}.Ad-Hoc|iPhoneSimulator.Deploy.0 = Release|Any CPU
		{7AD0CE6C-DB6C-440C-A5E0-C4838822C4B8}.Ad-Hoc|x64.ActiveCfg = Release|Any CPU
		{7AD0CE6C-DB6C-440C-A5E0-C4838822C4B8}.Ad-Hoc|x64.Build.0 = Release|Any CPU
		{7AD0CE6C-DB6C-440C-A5E0-C4838822C4B8}.Ad-Hoc|x64.Deploy.0 = Release|Any CPU
		{7AD0CE6C-DB6C-440C-A5E0-C4838822C4B8}.Ad-Hoc|x86.ActiveCfg = Release|Any CPU
		{7AD0CE6C-DB6C-440C-A5E0-C4838822C4B8}.Ad-Hoc|x86.Build.0 = Release|Any CPU
		{7AD0CE6C-DB6C-440C-A5E0-C4838822C4B8}.Ad-Hoc|x86.Deploy.0 = Release|Any CPU
		{7AD0CE6C-DB6C-440C-A5E0-C4838822C4B8}.AppStore|Any CPU.ActiveCfg = Release|Any CPU
		{7AD0CE6C-DB6C-440C-A5E0-C4838822C4B8}.AppStore|Any CPU.Build.0 = Release|Any CPU
		{7AD0CE6C-DB6C-440C-A5E0-C4838822C4B8}.AppStore|Any CPU.Deploy.0 = Release|Any CPU
		{7AD0CE6C-DB6C-440C-A5E0-C4838822C4B8}.AppStore|ARM.ActiveCfg = Release|Any CPU
		{7AD0CE6C-DB6C-440C-A5E0-C4838822C4B8}.AppStore|ARM.Build.0 = Release|Any CPU
		{7AD0CE6C-DB6C-440C-A5E0-C4838822C4B8}.AppStore|ARM.Deploy.0 = Release|Any CPU
		{7AD0CE6C-DB6C-440C-A5E0-C4838822C4B8}.AppStore|iPhone.ActiveCfg = Release|Any CPU
		{7AD0CE6C-DB6C-440C-A5E0-C4838822C4B8}.AppStore|iPhone.Build.0 = Release|Any CPU
		{7AD0CE6C-DB6C-440C-A5E0-C4838822C4B8}.AppStore|iPhone.Deploy.0 = Release|Any CPU
		{7AD0CE6C-DB6C-440C-A5E0-C4838822C4B8}.AppStore|iPhoneSimulator.ActiveCfg = Release|Any CPU
		{7AD0CE6C-DB6C-440C-A5E0-C4838822C4B8}.AppStore|iPhoneSimulator.Build.0 = Release|Any CPU
		{7AD0CE6C-DB6C-440C-A5E0-C4838822C4B8}.AppStore|iPhoneSimulator.Deploy.0 = Release|Any CPU
		{7AD0CE6C-DB6C-440C-A5E0-C4838822C4B8}.AppStore|x64.ActiveCfg = Release|Any CPU
		{7AD0CE6C-DB6C-440C-A5E0-C4838822C4B8}.AppStore|x64.Build.0 = Release|Any CPU
		{7AD0CE6C-DB6C-440C-A5E0-C4838822C4B8}.AppStore|x64.Deploy.0 = Release|Any CPU
		{7AD0CE6C-DB6C-440C-A5E0-C4838822C4B8}.AppStore|x86.ActiveCfg = Release|Any CPU
		{7AD0CE6C-DB6C-440C-A5E0-C4838822C4B8}.AppStore|x86.Build.0 = Release|Any CPU
		{7AD0CE6C-DB6C-440C-A5E0-C4838822C4B8}.AppStore|x86.Deploy.0 = Release|Any CPU
		{7AD0CE6C-DB6C-440C-A5E0-C4838822C4B8}.Debug|Any CPU.ActiveCfg = Debug|Any CPU
		{7AD0CE6C-DB6C-440C-A5E0-C4838822C4B8}.Debug|Any CPU.Build.0 = Debug|Any CPU
		{7AD0CE6C-DB6C-440C-A5E0-C4838822C4B8}.Debug|Any CPU.Deploy.0 = Debug|Any CPU
		{7AD0CE6C-DB6C-440C-A5E0-C4838822C4B8}.Debug|ARM.ActiveCfg = Debug|Any CPU
		{7AD0CE6C-DB6C-440C-A5E0-C4838822C4B8}.Debug|ARM.Build.0 = Debug|Any CPU
		{7AD0CE6C-DB6C-440C-A5E0-C4838822C4B8}.Debug|ARM.Deploy.0 = Debug|Any CPU
		{7AD0CE6C-DB6C-440C-A5E0-C4838822C4B8}.Debug|iPhone.ActiveCfg = Debug|Any CPU
		{7AD0CE6C-DB6C-440C-A5E0-C4838822C4B8}.Debug|iPhone.Build.0 = Debug|Any CPU
		{7AD0CE6C-DB6C-440C-A5E0-C4838822C4B8}.Debug|iPhone.Deploy.0 = Debug|Any CPU
		{7AD0CE6C-DB6C-440C-A5E0-C4838822C4B8}.Debug|iPhoneSimulator.ActiveCfg = Debug|Any CPU
		{7AD0CE6C-DB6C-440C-A5E0-C4838822C4B8}.Debug|iPhoneSimulator.Build.0 = Debug|Any CPU
		{7AD0CE6C-DB6C-440C-A5E0-C4838822C4B8}.Debug|iPhoneSimulator.Deploy.0 = Debug|Any CPU
		{7AD0CE6C-DB6C-440C-A5E0-C4838822C4B8}.Debug|x64.ActiveCfg = Debug|Any CPU
		{7AD0CE6C-DB6C-440C-A5E0-C4838822C4B8}.Debug|x64.Build.0 = Debug|Any CPU
		{7AD0CE6C-DB6C-440C-A5E0-C4838822C4B8}.Debug|x64.Deploy.0 = Debug|Any CPU
		{7AD0CE6C-DB6C-440C-A5E0-C4838822C4B8}.Debug|x86.ActiveCfg = Debug|Any CPU
		{7AD0CE6C-DB6C-440C-A5E0-C4838822C4B8}.Debug|x86.Build.0 = Debug|Any CPU
		{7AD0CE6C-DB6C-440C-A5E0-C4838822C4B8}.Debug|x86.Deploy.0 = Debug|Any CPU
		{7AD0CE6C-DB6C-440C-A5E0-C4838822C4B8}.Release|Any CPU.ActiveCfg = Release|Any CPU
		{7AD0CE6C-DB6C-440C-A5E0-C4838822C4B8}.Release|Any CPU.Build.0 = Release|Any CPU
		{7AD0CE6C-DB6C-440C-A5E0-C4838822C4B8}.Release|Any CPU.Deploy.0 = Release|Any CPU
		{7AD0CE6C-DB6C-440C-A5E0-C4838822C4B8}.Release|ARM.ActiveCfg = Release|Any CPU
		{7AD0CE6C-DB6C-440C-A5E0-C4838822C4B8}.Release|ARM.Build.0 = Release|Any CPU
		{7AD0CE6C-DB6C-440C-A5E0-C4838822C4B8}.Release|ARM.Deploy.0 = Release|Any CPU
		{7AD0CE6C-DB6C-440C-A5E0-C4838822C4B8}.Release|iPhone.ActiveCfg = Release|Any CPU
		{7AD0CE6C-DB6C-440C-A5E0-C4838822C4B8}.Release|iPhone.Build.0 = Release|Any CPU
		{7AD0CE6C-DB6C-440C-A5E0-C4838822C4B8}.Release|iPhone.Deploy.0 = Release|Any CPU
		{7AD0CE6C-DB6C-440C-A5E0-C4838822C4B8}.Release|iPhoneSimulator.ActiveCfg = Release|Any CPU
		{7AD0CE6C-DB6C-440C-A5E0-C4838822C4B8}.Release|iPhoneSimulator.Build.0 = Release|Any CPU
		{7AD0CE6C-DB6C-440C-A5E0-C4838822C4B8}.Release|iPhoneSimulator.Deploy.0 = Release|Any CPU
		{7AD0CE6C-DB6C-440C-A5E0-C4838822C4B8}.Release|x64.ActiveCfg = Release|Any CPU
		{7AD0CE6C-DB6C-440C-A5E0-C4838822C4B8}.Release|x64.Build.0 = Release|Any CPU
		{7AD0CE6C-DB6C-440C-A5E0-C4838822C4B8}.Release|x64.Deploy.0 = Release|Any CPU
		{7AD0CE6C-DB6C-440C-A5E0-C4838822C4B8}.Release|x86.ActiveCfg = Release|Any CPU
		{7AD0CE6C-DB6C-440C-A5E0-C4838822C4B8}.Release|x86.Build.0 = Release|Any CPU
		{7AD0CE6C-DB6C-440C-A5E0-C4838822C4B8}.Release|x86.Deploy.0 = Release|Any CPU
		{FF0440A0-3E90-4B4B-AEF2-D694959938AF}.Ad-Hoc|Any CPU.ActiveCfg = Ad-Hoc|iPhone
		{FF0440A0-3E90-4B4B-AEF2-D694959938AF}.Ad-Hoc|ARM.ActiveCfg = Ad-Hoc|iPhone
		{FF0440A0-3E90-4B4B-AEF2-D694959938AF}.Ad-Hoc|iPhone.ActiveCfg = Ad-Hoc|iPhone
		{FF0440A0-3E90-4B4B-AEF2-D694959938AF}.Ad-Hoc|iPhone.Build.0 = Ad-Hoc|iPhone
		{FF0440A0-3E90-4B4B-AEF2-D694959938AF}.Ad-Hoc|iPhoneSimulator.ActiveCfg = Ad-Hoc|iPhoneSimulator
		{FF0440A0-3E90-4B4B-AEF2-D694959938AF}.Ad-Hoc|iPhoneSimulator.Build.0 = Ad-Hoc|iPhoneSimulator
		{FF0440A0-3E90-4B4B-AEF2-D694959938AF}.Ad-Hoc|x64.ActiveCfg = Ad-Hoc|iPhone
		{FF0440A0-3E90-4B4B-AEF2-D694959938AF}.Ad-Hoc|x86.ActiveCfg = Ad-Hoc|iPhone
		{FF0440A0-3E90-4B4B-AEF2-D694959938AF}.AppStore|Any CPU.ActiveCfg = AppStore|iPhone
		{FF0440A0-3E90-4B4B-AEF2-D694959938AF}.AppStore|ARM.ActiveCfg = AppStore|iPhone
		{FF0440A0-3E90-4B4B-AEF2-D694959938AF}.AppStore|iPhone.ActiveCfg = AppStore|iPhone
		{FF0440A0-3E90-4B4B-AEF2-D694959938AF}.AppStore|iPhone.Build.0 = AppStore|iPhone
		{FF0440A0-3E90-4B4B-AEF2-D694959938AF}.AppStore|iPhoneSimulator.ActiveCfg = AppStore|iPhoneSimulator
		{FF0440A0-3E90-4B4B-AEF2-D694959938AF}.AppStore|iPhoneSimulator.Build.0 = AppStore|iPhoneSimulator
		{FF0440A0-3E90-4B4B-AEF2-D694959938AF}.AppStore|x64.ActiveCfg = AppStore|iPhone
		{FF0440A0-3E90-4B4B-AEF2-D694959938AF}.AppStore|x86.ActiveCfg = AppStore|iPhone
		{FF0440A0-3E90-4B4B-AEF2-D694959938AF}.Debug|Any CPU.ActiveCfg = Debug|iPhone
		{FF0440A0-3E90-4B4B-AEF2-D694959938AF}.Debug|ARM.ActiveCfg = Debug|iPhone
		{FF0440A0-3E90-4B4B-AEF2-D694959938AF}.Debug|iPhone.ActiveCfg = Debug|iPhone
		{FF0440A0-3E90-4B4B-AEF2-D694959938AF}.Debug|iPhone.Build.0 = Debug|iPhone
		{FF0440A0-3E90-4B4B-AEF2-D694959938AF}.Debug|iPhoneSimulator.ActiveCfg = Debug|iPhoneSimulator
		{FF0440A0-3E90-4B4B-AEF2-D694959938AF}.Debug|iPhoneSimulator.Build.0 = Debug|iPhoneSimulator
		{FF0440A0-3E90-4B4B-AEF2-D694959938AF}.Debug|x64.ActiveCfg = Debug|iPhone
		{FF0440A0-3E90-4B4B-AEF2-D694959938AF}.Debug|x86.ActiveCfg = Debug|iPhone
		{FF0440A0-3E90-4B4B-AEF2-D694959938AF}.Release|Any CPU.ActiveCfg = Release|iPhone
		{FF0440A0-3E90-4B4B-AEF2-D694959938AF}.Release|ARM.ActiveCfg = Release|iPhone
		{FF0440A0-3E90-4B4B-AEF2-D694959938AF}.Release|iPhone.ActiveCfg = Release|iPhone
		{FF0440A0-3E90-4B4B-AEF2-D694959938AF}.Release|iPhone.Build.0 = Release|iPhone
		{FF0440A0-3E90-4B4B-AEF2-D694959938AF}.Release|iPhoneSimulator.ActiveCfg = Release|iPhoneSimulator
		{FF0440A0-3E90-4B4B-AEF2-D694959938AF}.Release|iPhoneSimulator.Build.0 = Release|iPhoneSimulator
		{FF0440A0-3E90-4B4B-AEF2-D694959938AF}.Release|x64.ActiveCfg = Release|iPhone
		{FF0440A0-3E90-4B4B-AEF2-D694959938AF}.Release|x86.ActiveCfg = Release|iPhone
		{EFE6A4FF-E319-44B7-AC8E-FBAC4DB941A3}.Ad-Hoc|Any CPU.ActiveCfg = Release|Any CPU
		{EFE6A4FF-E319-44B7-AC8E-FBAC4DB941A3}.Ad-Hoc|Any CPU.Build.0 = Release|Any CPU
		{EFE6A4FF-E319-44B7-AC8E-FBAC4DB941A3}.Ad-Hoc|Any CPU.Deploy.0 = Release|Any CPU
		{EFE6A4FF-E319-44B7-AC8E-FBAC4DB941A3}.Ad-Hoc|ARM.ActiveCfg = Release|ARM
		{EFE6A4FF-E319-44B7-AC8E-FBAC4DB941A3}.Ad-Hoc|ARM.Build.0 = Release|ARM
		{EFE6A4FF-E319-44B7-AC8E-FBAC4DB941A3}.Ad-Hoc|ARM.Deploy.0 = Release|ARM
		{EFE6A4FF-E319-44B7-AC8E-FBAC4DB941A3}.Ad-Hoc|iPhone.ActiveCfg = Release|Any CPU
		{EFE6A4FF-E319-44B7-AC8E-FBAC4DB941A3}.Ad-Hoc|iPhone.Build.0 = Release|Any CPU
		{EFE6A4FF-E319-44B7-AC8E-FBAC4DB941A3}.Ad-Hoc|iPhone.Deploy.0 = Release|Any CPU
		{EFE6A4FF-E319-44B7-AC8E-FBAC4DB941A3}.Ad-Hoc|iPhoneSimulator.ActiveCfg = Release|Any CPU
		{EFE6A4FF-E319-44B7-AC8E-FBAC4DB941A3}.Ad-Hoc|iPhoneSimulator.Build.0 = Release|Any CPU
		{EFE6A4FF-E319-44B7-AC8E-FBAC4DB941A3}.Ad-Hoc|iPhoneSimulator.Deploy.0 = Release|Any CPU
		{EFE6A4FF-E319-44B7-AC8E-FBAC4DB941A3}.Ad-Hoc|x64.ActiveCfg = Release|Any CPU
		{EFE6A4FF-E319-44B7-AC8E-FBAC4DB941A3}.Ad-Hoc|x64.Build.0 = Release|Any CPU
		{EFE6A4FF-E319-44B7-AC8E-FBAC4DB941A3}.Ad-Hoc|x64.Deploy.0 = Release|Any CPU
		{EFE6A4FF-E319-44B7-AC8E-FBAC4DB941A3}.Ad-Hoc|x86.ActiveCfg = Release|x86
		{EFE6A4FF-E319-44B7-AC8E-FBAC4DB941A3}.Ad-Hoc|x86.Build.0 = Release|x86
		{EFE6A4FF-E319-44B7-AC8E-FBAC4DB941A3}.Ad-Hoc|x86.Deploy.0 = Release|x86
		{EFE6A4FF-E319-44B7-AC8E-FBAC4DB941A3}.AppStore|Any CPU.ActiveCfg = Release|Any CPU
		{EFE6A4FF-E319-44B7-AC8E-FBAC4DB941A3}.AppStore|Any CPU.Build.0 = Release|Any CPU
		{EFE6A4FF-E319-44B7-AC8E-FBAC4DB941A3}.AppStore|Any CPU.Deploy.0 = Release|Any CPU
		{EFE6A4FF-E319-44B7-AC8E-FBAC4DB941A3}.AppStore|ARM.ActiveCfg = Release|ARM
		{EFE6A4FF-E319-44B7-AC8E-FBAC4DB941A3}.AppStore|ARM.Build.0 = Release|ARM
		{EFE6A4FF-E319-44B7-AC8E-FBAC4DB941A3}.AppStore|ARM.Deploy.0 = Release|ARM
		{EFE6A4FF-E319-44B7-AC8E-FBAC4DB941A3}.AppStore|iPhone.ActiveCfg = Release|Any CPU
		{EFE6A4FF-E319-44B7-AC8E-FBAC4DB941A3}.AppStore|iPhone.Build.0 = Release|Any CPU
		{EFE6A4FF-E319-44B7-AC8E-FBAC4DB941A3}.AppStore|iPhone.Deploy.0 = Release|Any CPU
		{EFE6A4FF-E319-44B7-AC8E-FBAC4DB941A3}.AppStore|iPhoneSimulator.ActiveCfg = Release|Any CPU
		{EFE6A4FF-E319-44B7-AC8E-FBAC4DB941A3}.AppStore|iPhoneSimulator.Build.0 = Release|Any CPU
		{EFE6A4FF-E319-44B7-AC8E-FBAC4DB941A3}.AppStore|iPhoneSimulator.Deploy.0 = Release|Any CPU
		{EFE6A4FF-E319-44B7-AC8E-FBAC4DB941A3}.AppStore|x64.ActiveCfg = Release|Any CPU
		{EFE6A4FF-E319-44B7-AC8E-FBAC4DB941A3}.AppStore|x64.Build.0 = Release|Any CPU
		{EFE6A4FF-E319-44B7-AC8E-FBAC4DB941A3}.AppStore|x64.Deploy.0 = Release|Any CPU
		{EFE6A4FF-E319-44B7-AC8E-FBAC4DB941A3}.AppStore|x86.ActiveCfg = Release|x86
		{EFE6A4FF-E319-44B7-AC8E-FBAC4DB941A3}.AppStore|x86.Build.0 = Release|x86
		{EFE6A4FF-E319-44B7-AC8E-FBAC4DB941A3}.AppStore|x86.Deploy.0 = Release|x86
		{EFE6A4FF-E319-44B7-AC8E-FBAC4DB941A3}.Debug|Any CPU.ActiveCfg = Debug|Any CPU
		{EFE6A4FF-E319-44B7-AC8E-FBAC4DB941A3}.Debug|Any CPU.Build.0 = Debug|Any CPU
		{EFE6A4FF-E319-44B7-AC8E-FBAC4DB941A3}.Debug|Any CPU.Deploy.0 = Debug|Any CPU
		{EFE6A4FF-E319-44B7-AC8E-FBAC4DB941A3}.Debug|ARM.ActiveCfg = Debug|ARM
		{EFE6A4FF-E319-44B7-AC8E-FBAC4DB941A3}.Debug|ARM.Build.0 = Debug|ARM
		{EFE6A4FF-E319-44B7-AC8E-FBAC4DB941A3}.Debug|ARM.Deploy.0 = Debug|ARM
		{EFE6A4FF-E319-44B7-AC8E-FBAC4DB941A3}.Debug|iPhone.ActiveCfg = Debug|Any CPU
		{EFE6A4FF-E319-44B7-AC8E-FBAC4DB941A3}.Debug|iPhone.Build.0 = Debug|Any CPU
		{EFE6A4FF-E319-44B7-AC8E-FBAC4DB941A3}.Debug|iPhone.Deploy.0 = Debug|Any CPU
		{EFE6A4FF-E319-44B7-AC8E-FBAC4DB941A3}.Debug|iPhoneSimulator.ActiveCfg = Debug|Any CPU
		{EFE6A4FF-E319-44B7-AC8E-FBAC4DB941A3}.Debug|iPhoneSimulator.Build.0 = Debug|Any CPU
		{EFE6A4FF-E319-44B7-AC8E-FBAC4DB941A3}.Debug|iPhoneSimulator.Deploy.0 = Debug|Any CPU
		{EFE6A4FF-E319-44B7-AC8E-FBAC4DB941A3}.Debug|x64.ActiveCfg = Debug|Any CPU
		{EFE6A4FF-E319-44B7-AC8E-FBAC4DB941A3}.Debug|x64.Build.0 = Debug|Any CPU
		{EFE6A4FF-E319-44B7-AC8E-FBAC4DB941A3}.Debug|x64.Deploy.0 = Debug|Any CPU
		{EFE6A4FF-E319-44B7-AC8E-FBAC4DB941A3}.Debug|x86.ActiveCfg = Debug|x86
		{EFE6A4FF-E319-44B7-AC8E-FBAC4DB941A3}.Debug|x86.Build.0 = Debug|x86
		{EFE6A4FF-E319-44B7-AC8E-FBAC4DB941A3}.Debug|x86.Deploy.0 = Debug|x86
		{EFE6A4FF-E319-44B7-AC8E-FBAC4DB941A3}.Release|Any CPU.ActiveCfg = Release|Any CPU
		{EFE6A4FF-E319-44B7-AC8E-FBAC4DB941A3}.Release|Any CPU.Build.0 = Release|Any CPU
		{EFE6A4FF-E319-44B7-AC8E-FBAC4DB941A3}.Release|Any CPU.Deploy.0 = Release|Any CPU
		{EFE6A4FF-E319-44B7-AC8E-FBAC4DB941A3}.Release|ARM.ActiveCfg = Release|ARM
		{EFE6A4FF-E319-44B7-AC8E-FBAC4DB941A3}.Release|ARM.Build.0 = Release|ARM
		{EFE6A4FF-E319-44B7-AC8E-FBAC4DB941A3}.Release|ARM.Deploy.0 = Release|ARM
		{EFE6A4FF-E319-44B7-AC8E-FBAC4DB941A3}.Release|iPhone.ActiveCfg = Release|Any CPU
		{EFE6A4FF-E319-44B7-AC8E-FBAC4DB941A3}.Release|iPhone.Build.0 = Release|Any CPU
		{EFE6A4FF-E319-44B7-AC8E-FBAC4DB941A3}.Release|iPhone.Deploy.0 = Release|Any CPU
		{EFE6A4FF-E319-44B7-AC8E-FBAC4DB941A3}.Release|iPhoneSimulator.ActiveCfg = Release|Any CPU
		{EFE6A4FF-E319-44B7-AC8E-FBAC4DB941A3}.Release|iPhoneSimulator.Build.0 = Release|Any CPU
		{EFE6A4FF-E319-44B7-AC8E-FBAC4DB941A3}.Release|iPhoneSimulator.Deploy.0 = Release|Any CPU
		{EFE6A4FF-E319-44B7-AC8E-FBAC4DB941A3}.Release|x64.ActiveCfg = Release|Any CPU
		{EFE6A4FF-E319-44B7-AC8E-FBAC4DB941A3}.Release|x64.Build.0 = Release|Any CPU
		{EFE6A4FF-E319-44B7-AC8E-FBAC4DB941A3}.Release|x64.Deploy.0 = Release|Any CPU
		{EFE6A4FF-E319-44B7-AC8E-FBAC4DB941A3}.Release|x86.ActiveCfg = Release|x86
		{EFE6A4FF-E319-44B7-AC8E-FBAC4DB941A3}.Release|x86.Build.0 = Release|x86
		{EFE6A4FF-E319-44B7-AC8E-FBAC4DB941A3}.Release|x86.Deploy.0 = Release|x86
		{48FF6839-7340-4349-B0A4-D4C25A9A6A7C}.Ad-Hoc|Any CPU.ActiveCfg = Release|x86
		{48FF6839-7340-4349-B0A4-D4C25A9A6A7C}.Ad-Hoc|Any CPU.Build.0 = Release|x86
		{48FF6839-7340-4349-B0A4-D4C25A9A6A7C}.Ad-Hoc|Any CPU.Deploy.0 = Release|x86
		{48FF6839-7340-4349-B0A4-D4C25A9A6A7C}.Ad-Hoc|ARM.ActiveCfg = Release|ARM
		{48FF6839-7340-4349-B0A4-D4C25A9A6A7C}.Ad-Hoc|ARM.Build.0 = Release|ARM
		{48FF6839-7340-4349-B0A4-D4C25A9A6A7C}.Ad-Hoc|ARM.Deploy.0 = Release|ARM
		{48FF6839-7340-4349-B0A4-D4C25A9A6A7C}.Ad-Hoc|iPhone.ActiveCfg = Release|x86
		{48FF6839-7340-4349-B0A4-D4C25A9A6A7C}.Ad-Hoc|iPhone.Build.0 = Release|x86
		{48FF6839-7340-4349-B0A4-D4C25A9A6A7C}.Ad-Hoc|iPhone.Deploy.0 = Release|x86
		{48FF6839-7340-4349-B0A4-D4C25A9A6A7C}.Ad-Hoc|iPhoneSimulator.ActiveCfg = Release|x86
		{48FF6839-7340-4349-B0A4-D4C25A9A6A7C}.Ad-Hoc|iPhoneSimulator.Build.0 = Release|x86
		{48FF6839-7340-4349-B0A4-D4C25A9A6A7C}.Ad-Hoc|iPhoneSimulator.Deploy.0 = Release|x86
		{48FF6839-7340-4349-B0A4-D4C25A9A6A7C}.Ad-Hoc|x64.ActiveCfg = Release|x64
		{48FF6839-7340-4349-B0A4-D4C25A9A6A7C}.Ad-Hoc|x64.Build.0 = Release|x64
		{48FF6839-7340-4349-B0A4-D4C25A9A6A7C}.Ad-Hoc|x64.Deploy.0 = Release|x64
		{48FF6839-7340-4349-B0A4-D4C25A9A6A7C}.Ad-Hoc|x86.ActiveCfg = Release|x86
		{48FF6839-7340-4349-B0A4-D4C25A9A6A7C}.Ad-Hoc|x86.Build.0 = Release|x86
		{48FF6839-7340-4349-B0A4-D4C25A9A6A7C}.Ad-Hoc|x86.Deploy.0 = Release|x86
		{48FF6839-7340-4349-B0A4-D4C25A9A6A7C}.AppStore|Any CPU.ActiveCfg = Release|x86
		{48FF6839-7340-4349-B0A4-D4C25A9A6A7C}.AppStore|Any CPU.Build.0 = Release|x86
		{48FF6839-7340-4349-B0A4-D4C25A9A6A7C}.AppStore|Any CPU.Deploy.0 = Release|x86
		{48FF6839-7340-4349-B0A4-D4C25A9A6A7C}.AppStore|ARM.ActiveCfg = Release|ARM
		{48FF6839-7340-4349-B0A4-D4C25A9A6A7C}.AppStore|ARM.Build.0 = Release|ARM
		{48FF6839-7340-4349-B0A4-D4C25A9A6A7C}.AppStore|ARM.Deploy.0 = Release|ARM
		{48FF6839-7340-4349-B0A4-D4C25A9A6A7C}.AppStore|iPhone.ActiveCfg = Release|x86
		{48FF6839-7340-4349-B0A4-D4C25A9A6A7C}.AppStore|iPhone.Build.0 = Release|x86
		{48FF6839-7340-4349-B0A4-D4C25A9A6A7C}.AppStore|iPhone.Deploy.0 = Release|x86
		{48FF6839-7340-4349-B0A4-D4C25A9A6A7C}.AppStore|iPhoneSimulator.ActiveCfg = Release|x86
		{48FF6839-7340-4349-B0A4-D4C25A9A6A7C}.AppStore|iPhoneSimulator.Build.0 = Release|x86
		{48FF6839-7340-4349-B0A4-D4C25A9A6A7C}.AppStore|iPhoneSimulator.Deploy.0 = Release|x86
		{48FF6839-7340-4349-B0A4-D4C25A9A6A7C}.AppStore|x64.ActiveCfg = Release|x64
		{48FF6839-7340-4349-B0A4-D4C25A9A6A7C}.AppStore|x64.Build.0 = Release|x64
		{48FF6839-7340-4349-B0A4-D4C25A9A6A7C}.AppStore|x64.Deploy.0 = Release|x64
		{48FF6839-7340-4349-B0A4-D4C25A9A6A7C}.AppStore|x86.ActiveCfg = Release|x86
		{48FF6839-7340-4349-B0A4-D4C25A9A6A7C}.AppStore|x86.Build.0 = Release|x86
		{48FF6839-7340-4349-B0A4-D4C25A9A6A7C}.AppStore|x86.Deploy.0 = Release|x86
		{48FF6839-7340-4349-B0A4-D4C25A9A6A7C}.Debug|Any CPU.ActiveCfg = Debug|x86
		{48FF6839-7340-4349-B0A4-D4C25A9A6A7C}.Debug|ARM.ActiveCfg = Debug|ARM
		{48FF6839-7340-4349-B0A4-D4C25A9A6A7C}.Debug|ARM.Build.0 = Debug|ARM
		{48FF6839-7340-4349-B0A4-D4C25A9A6A7C}.Debug|ARM.Deploy.0 = Debug|ARM
		{48FF6839-7340-4349-B0A4-D4C25A9A6A7C}.Debug|iPhone.ActiveCfg = Debug|x86
		{48FF6839-7340-4349-B0A4-D4C25A9A6A7C}.Debug|iPhoneSimulator.ActiveCfg = Debug|x86
		{48FF6839-7340-4349-B0A4-D4C25A9A6A7C}.Debug|x64.ActiveCfg = Debug|x64
		{48FF6839-7340-4349-B0A4-D4C25A9A6A7C}.Debug|x64.Build.0 = Debug|x64
		{48FF6839-7340-4349-B0A4-D4C25A9A6A7C}.Debug|x64.Deploy.0 = Debug|x64
		{48FF6839-7340-4349-B0A4-D4C25A9A6A7C}.Debug|x86.ActiveCfg = Debug|x86
		{48FF6839-7340-4349-B0A4-D4C25A9A6A7C}.Debug|x86.Build.0 = Debug|x86
		{48FF6839-7340-4349-B0A4-D4C25A9A6A7C}.Debug|x86.Deploy.0 = Debug|x86
		{48FF6839-7340-4349-B0A4-D4C25A9A6A7C}.Release|Any CPU.ActiveCfg = Release|x86
		{48FF6839-7340-4349-B0A4-D4C25A9A6A7C}.Release|ARM.ActiveCfg = Release|ARM
		{48FF6839-7340-4349-B0A4-D4C25A9A6A7C}.Release|ARM.Build.0 = Release|ARM
		{48FF6839-7340-4349-B0A4-D4C25A9A6A7C}.Release|ARM.Deploy.0 = Release|ARM
		{48FF6839-7340-4349-B0A4-D4C25A9A6A7C}.Release|iPhone.ActiveCfg = Release|x86
		{48FF6839-7340-4349-B0A4-D4C25A9A6A7C}.Release|iPhoneSimulator.ActiveCfg = Release|x86
		{48FF6839-7340-4349-B0A4-D4C25A9A6A7C}.Release|x64.ActiveCfg = Release|x64
		{48FF6839-7340-4349-B0A4-D4C25A9A6A7C}.Release|x64.Build.0 = Release|x64
		{48FF6839-7340-4349-B0A4-D4C25A9A6A7C}.Release|x64.Deploy.0 = Release|x64
		{48FF6839-7340-4349-B0A4-D4C25A9A6A7C}.Release|x86.ActiveCfg = Release|x86
		{48FF6839-7340-4349-B0A4-D4C25A9A6A7C}.Release|x86.Build.0 = Release|x86
		{48FF6839-7340-4349-B0A4-D4C25A9A6A7C}.Release|x86.Deploy.0 = Release|x86
		{F61B1B13-9D8C-412D-A15C-AE36D96689EA}.Ad-Hoc|Any CPU.ActiveCfg = Release|Any CPU
		{F61B1B13-9D8C-412D-A15C-AE36D96689EA}.Ad-Hoc|Any CPU.Build.0 = Release|Any CPU
		{F61B1B13-9D8C-412D-A15C-AE36D96689EA}.Ad-Hoc|Any CPU.Deploy.0 = Release|Any CPU
		{F61B1B13-9D8C-412D-A15C-AE36D96689EA}.Ad-Hoc|ARM.ActiveCfg = Release|ARM
		{F61B1B13-9D8C-412D-A15C-AE36D96689EA}.Ad-Hoc|ARM.Build.0 = Release|ARM
		{F61B1B13-9D8C-412D-A15C-AE36D96689EA}.Ad-Hoc|ARM.Deploy.0 = Release|ARM
		{F61B1B13-9D8C-412D-A15C-AE36D96689EA}.Ad-Hoc|iPhone.ActiveCfg = Release|Any CPU
		{F61B1B13-9D8C-412D-A15C-AE36D96689EA}.Ad-Hoc|iPhone.Build.0 = Release|Any CPU
		{F61B1B13-9D8C-412D-A15C-AE36D96689EA}.Ad-Hoc|iPhone.Deploy.0 = Release|Any CPU
		{F61B1B13-9D8C-412D-A15C-AE36D96689EA}.Ad-Hoc|iPhoneSimulator.ActiveCfg = Release|Any CPU
		{F61B1B13-9D8C-412D-A15C-AE36D96689EA}.Ad-Hoc|iPhoneSimulator.Build.0 = Release|Any CPU
		{F61B1B13-9D8C-412D-A15C-AE36D96689EA}.Ad-Hoc|iPhoneSimulator.Deploy.0 = Release|Any CPU
		{F61B1B13-9D8C-412D-A15C-AE36D96689EA}.Ad-Hoc|x64.ActiveCfg = Release|x64
		{F61B1B13-9D8C-412D-A15C-AE36D96689EA}.Ad-Hoc|x64.Build.0 = Release|x64
		{F61B1B13-9D8C-412D-A15C-AE36D96689EA}.Ad-Hoc|x64.Deploy.0 = Release|x64
		{F61B1B13-9D8C-412D-A15C-AE36D96689EA}.Ad-Hoc|x86.ActiveCfg = Release|x86
		{F61B1B13-9D8C-412D-A15C-AE36D96689EA}.Ad-Hoc|x86.Build.0 = Release|x86
		{F61B1B13-9D8C-412D-A15C-AE36D96689EA}.Ad-Hoc|x86.Deploy.0 = Release|x86
		{F61B1B13-9D8C-412D-A15C-AE36D96689EA}.AppStore|Any CPU.ActiveCfg = Release|Any CPU
		{F61B1B13-9D8C-412D-A15C-AE36D96689EA}.AppStore|Any CPU.Build.0 = Release|Any CPU
		{F61B1B13-9D8C-412D-A15C-AE36D96689EA}.AppStore|Any CPU.Deploy.0 = Release|Any CPU
		{F61B1B13-9D8C-412D-A15C-AE36D96689EA}.AppStore|ARM.ActiveCfg = Release|ARM
		{F61B1B13-9D8C-412D-A15C-AE36D96689EA}.AppStore|ARM.Build.0 = Release|ARM
		{F61B1B13-9D8C-412D-A15C-AE36D96689EA}.AppStore|ARM.Deploy.0 = Release|ARM
		{F61B1B13-9D8C-412D-A15C-AE36D96689EA}.AppStore|iPhone.ActiveCfg = Release|Any CPU
		{F61B1B13-9D8C-412D-A15C-AE36D96689EA}.AppStore|iPhone.Build.0 = Release|Any CPU
		{F61B1B13-9D8C-412D-A15C-AE36D96689EA}.AppStore|iPhone.Deploy.0 = Release|Any CPU
		{F61B1B13-9D8C-412D-A15C-AE36D96689EA}.AppStore|iPhoneSimulator.ActiveCfg = Release|Any CPU
		{F61B1B13-9D8C-412D-A15C-AE36D96689EA}.AppStore|iPhoneSimulator.Build.0 = Release|Any CPU
		{F61B1B13-9D8C-412D-A15C-AE36D96689EA}.AppStore|iPhoneSimulator.Deploy.0 = Release|Any CPU
		{F61B1B13-9D8C-412D-A15C-AE36D96689EA}.AppStore|x64.ActiveCfg = Release|x64
		{F61B1B13-9D8C-412D-A15C-AE36D96689EA}.AppStore|x64.Build.0 = Release|x64
		{F61B1B13-9D8C-412D-A15C-AE36D96689EA}.AppStore|x64.Deploy.0 = Release|x64
		{F61B1B13-9D8C-412D-A15C-AE36D96689EA}.AppStore|x86.ActiveCfg = Release|x86
		{F61B1B13-9D8C-412D-A15C-AE36D96689EA}.AppStore|x86.Build.0 = Release|x86
		{F61B1B13-9D8C-412D-A15C-AE36D96689EA}.AppStore|x86.Deploy.0 = Release|x86
		{F61B1B13-9D8C-412D-A15C-AE36D96689EA}.Debug|Any CPU.ActiveCfg = Debug|Any CPU
		{F61B1B13-9D8C-412D-A15C-AE36D96689EA}.Debug|Any CPU.Build.0 = Debug|Any CPU
		{F61B1B13-9D8C-412D-A15C-AE36D96689EA}.Debug|Any CPU.Deploy.0 = Debug|Any CPU
		{F61B1B13-9D8C-412D-A15C-AE36D96689EA}.Debug|ARM.ActiveCfg = Debug|ARM
		{F61B1B13-9D8C-412D-A15C-AE36D96689EA}.Debug|ARM.Build.0 = Debug|ARM
		{F61B1B13-9D8C-412D-A15C-AE36D96689EA}.Debug|ARM.Deploy.0 = Debug|ARM
		{F61B1B13-9D8C-412D-A15C-AE36D96689EA}.Debug|iPhone.ActiveCfg = Debug|Any CPU
		{F61B1B13-9D8C-412D-A15C-AE36D96689EA}.Debug|iPhone.Build.0 = Debug|Any CPU
		{F61B1B13-9D8C-412D-A15C-AE36D96689EA}.Debug|iPhone.Deploy.0 = Debug|Any CPU
		{F61B1B13-9D8C-412D-A15C-AE36D96689EA}.Debug|iPhoneSimulator.ActiveCfg = Debug|Any CPU
		{F61B1B13-9D8C-412D-A15C-AE36D96689EA}.Debug|iPhoneSimulator.Build.0 = Debug|Any CPU
		{F61B1B13-9D8C-412D-A15C-AE36D96689EA}.Debug|iPhoneSimulator.Deploy.0 = Debug|Any CPU
		{F61B1B13-9D8C-412D-A15C-AE36D96689EA}.Debug|x64.ActiveCfg = Debug|x64
		{F61B1B13-9D8C-412D-A15C-AE36D96689EA}.Debug|x64.Build.0 = Debug|x64
		{F61B1B13-9D8C-412D-A15C-AE36D96689EA}.Debug|x64.Deploy.0 = Debug|x64
		{F61B1B13-9D8C-412D-A15C-AE36D96689EA}.Debug|x86.ActiveCfg = Debug|x86
		{F61B1B13-9D8C-412D-A15C-AE36D96689EA}.Debug|x86.Build.0 = Debug|x86
		{F61B1B13-9D8C-412D-A15C-AE36D96689EA}.Debug|x86.Deploy.0 = Debug|x86
		{F61B1B13-9D8C-412D-A15C-AE36D96689EA}.Release|Any CPU.ActiveCfg = Release|Any CPU
		{F61B1B13-9D8C-412D-A15C-AE36D96689EA}.Release|Any CPU.Build.0 = Release|Any CPU
		{F61B1B13-9D8C-412D-A15C-AE36D96689EA}.Release|Any CPU.Deploy.0 = Release|Any CPU
		{F61B1B13-9D8C-412D-A15C-AE36D96689EA}.Release|ARM.ActiveCfg = Release|ARM
		{F61B1B13-9D8C-412D-A15C-AE36D96689EA}.Release|ARM.Build.0 = Release|ARM
		{F61B1B13-9D8C-412D-A15C-AE36D96689EA}.Release|ARM.Deploy.0 = Release|ARM
		{F61B1B13-9D8C-412D-A15C-AE36D96689EA}.Release|iPhone.ActiveCfg = Release|Any CPU
		{F61B1B13-9D8C-412D-A15C-AE36D96689EA}.Release|iPhone.Build.0 = Release|Any CPU
		{F61B1B13-9D8C-412D-A15C-AE36D96689EA}.Release|iPhone.Deploy.0 = Release|Any CPU
		{F61B1B13-9D8C-412D-A15C-AE36D96689EA}.Release|iPhoneSimulator.ActiveCfg = Release|Any CPU
		{F61B1B13-9D8C-412D-A15C-AE36D96689EA}.Release|iPhoneSimulator.Build.0 = Release|Any CPU
		{F61B1B13-9D8C-412D-A15C-AE36D96689EA}.Release|iPhoneSimulator.Deploy.0 = Release|Any CPU
		{F61B1B13-9D8C-412D-A15C-AE36D96689EA}.Release|x64.ActiveCfg = Release|x64
		{F61B1B13-9D8C-412D-A15C-AE36D96689EA}.Release|x64.Build.0 = Release|x64
		{F61B1B13-9D8C-412D-A15C-AE36D96689EA}.Release|x64.Deploy.0 = Release|x64
		{F61B1B13-9D8C-412D-A15C-AE36D96689EA}.Release|x86.ActiveCfg = Release|x86
		{F61B1B13-9D8C-412D-A15C-AE36D96689EA}.Release|x86.Build.0 = Release|x86
		{F61B1B13-9D8C-412D-A15C-AE36D96689EA}.Release|x86.Deploy.0 = Release|x86
	EndGlobalSection
	GlobalSection(SolutionProperties) = preSolution
		HideSolutionNode = FALSE
	EndGlobalSection
	GlobalSection(NestedProjects) = preSolution
		{B904B2A7-025F-4E2B-BBFB-C094E66BB7AB} = {5791943A-CC01-44D9-B846-82D67486760E}
		{6F73AF81-B764-410D-A6A7-A23FA878359F} = {5791943A-CC01-44D9-B846-82D67486760E}
		{BB6144E0-43DC-4153-AEDB-BCF3302038AF} = {5791943A-CC01-44D9-B846-82D67486760E}
		{9DD6BF61-7748-4214-B83E-E265F817D60D} = {5791943A-CC01-44D9-B846-82D67486760E}
		{65364D1E-269C-476F-8BEE-4827ACE332A2} = {5A07F375-9C4C-43D9-AEC7-A5B1E5559DE8}
		{774E767F-4D68-486A-ADD2-5158FE520B3C} = {033FC1E1-763C-4594-B080-CAF15204D7C8}
		{7AD0CE6C-DB6C-440C-A5E0-C4838822C4B8} = {033FC1E1-763C-4594-B080-CAF15204D7C8}
		{FF0440A0-3E90-4B4B-AEF2-D694959938AF} = {033FC1E1-763C-4594-B080-CAF15204D7C8}
		{EFE6A4FF-E319-44B7-AC8E-FBAC4DB941A3} = {033FC1E1-763C-4594-B080-CAF15204D7C8}
		{48FF6839-7340-4349-B0A4-D4C25A9A6A7C} = {033FC1E1-763C-4594-B080-CAF15204D7C8}
		{F61B1B13-9D8C-412D-A15C-AE36D96689EA} = {033FC1E1-763C-4594-B080-CAF15204D7C8}
	EndGlobalSection
EndGlobal
